// !$*UTF8*$!
{
	archiveVersion = 1;
	classes = {
	};
	objectVersion = 54;
	objects = {

/* Begin PBXBuildFile section */
		00E356F31AD99517003FC87E /* ArsipDemakTests.m in Sources */ = {isa = PBXBuildFile; fileRef = 00E356F21AD99517003FC87E /* ArsipDemakTests.m */; };
		0C80B921A6F3F58F76C31292 /* libPods-ArsipDemak.a in Frameworks */ = {isa = PBXBuildFile; fileRef = 5DCACB8F33CDC322A6C60F78 /* libPods-ArsipDemak.a */; };
		13B07FBC1A68108700A75B9A /* AppDelegate.mm in Sources */ = {isa = PBXBuildFile; fileRef = 13B07FB01A68108700A75B9A /* AppDelegate.mm */; };
		13B07FBF1A68108700A75B9A /* Images.xcassets in Resources */ = {isa = PBXBuildFile; fileRef = 13B07FB51A68108700A75B9A /* Images.xcassets */; };
		13B07FC11A68108700A75B9A /* main.m in Sources */ = {isa = PBXBuildFile; fileRef = 13B07FB71A68108700A75B9A /* main.m */; };
		6132EF182BDFF13200BBE14D /* PrivacyInfo.xcprivacy in Resources */ = {isa = PBXBuildFile; fileRef = 6132EF172BDFF13200BBE14D /* PrivacyInfo.xcprivacy */; };
		7699B88040F8A987B510C191 /* libPods-ArsipDemak-ArsipDemakTests.a in Frameworks */ = {isa = PBXBuildFile; fileRef = 19F6CBCC0A4E27FBF8BF4A61 /* libPods-ArsipDemak-ArsipDemakTests.a */; };
		81AB9BB82411601600AC10FF /* LaunchScreen.storyboard in Resources */ = {isa = PBXBuildFile; fileRef = 81AB9BB72411601600AC10FF /* LaunchScreen.storyboard */; };
		F54DC608A2F7459E830950F1 /* Metal-Regular.ttf in Resources */ = {isa = PBXBuildFile; fileRef = 15575D3D68C14CE3A88FC5F9 /* Metal-Regular.ttf */; };
		38E53AF6B5F44F80BCDA7AF8 /* Poppins-Black.ttf in Resources */ = {isa = PBXBuildFile; fileRef = D8176CFA9D094AABBC38DFE4 /* Poppins-Black.ttf */; };
		D40169EE37834116A6BBAA12 /* Poppins-BlackItalic.ttf in Resources */ = {isa = PBXBuildFile; fileRef = 2E671FE0C12D412A8D101CFC /* Poppins-BlackItalic.ttf */; };
		00BC9F73E7FB43D49734C3C1 /* Poppins-Bold.ttf in Resources */ = {isa = PBXBuildFile; fileRef = 4A06E68DF2674E63B6BCD264 /* Poppins-Bold.ttf */; };
		8225B7126D474ED0985AEF0A /* Poppins-BoldItalic.ttf in Resources */ = {isa = PBXBuildFile; fileRef = 85501E2614C14325A3FE826B /* Poppins-BoldItalic.ttf */; };
		2E9F0ABACF6D4EBC84368D34 /* Poppins-ExtraBold.ttf in Resources */ = {isa = PBXBuildFile; fileRef = E6E6B06C03F443CBB3C76932 /* Poppins-ExtraBold.ttf */; };
		E874166D344F497BA7A7CE46 /* Poppins-ExtraBoldItalic.ttf in Resources */ = {isa = PBXBuildFile; fileRef = EE0F9F5869594A769CE79429 /* Poppins-ExtraBoldItalic.ttf */; };
		5621AA80793245E3A780ED60 /* Poppins-ExtraLight.ttf in Resources */ = {isa = PBXBuildFile; fileRef = F70A8383D4DD4CA9A58A1C8F /* Poppins-ExtraLight.ttf */; };
		B5694EB0C7C846DBAE1810A3 /* Poppins-ExtraLightItalic.ttf in Resources */ = {isa = PBXBuildFile; fileRef = 7B402E801E934A97A4C92EB3 /* Poppins-ExtraLightItalic.ttf */; };
		3450F35BD57B49E09C75171B /* Poppins-Italic.ttf in Resources */ = {isa = PBXBuildFile; fileRef = 05977CF058294282B2346DDF /* Poppins-Italic.ttf */; };
		496F6C988ADC4D13BB8D8794 /* Poppins-Light.ttf in Resources */ = {isa = PBXBuildFile; fileRef = 63A74E82EDD84D32BB6BAF59 /* Poppins-Light.ttf */; };
		21D7CFB2ECD04645BCF6A14F /* Poppins-LightItalic.ttf in Resources */ = {isa = PBXBuildFile; fileRef = EE5DD45C0E40424CB39A6C13 /* Poppins-LightItalic.ttf */; };
		F8E0B64BF4484244A79D09D0 /* Poppins-Medium.ttf in Resources */ = {isa = PBXBuildFile; fileRef = 15C246AE3DFD44E0B6326E81 /* Poppins-Medium.ttf */; };
		B70BAE89406D4A74A47DD1A4 /* Poppins-MediumItalic.ttf in Resources */ = {isa = PBXBuildFile; fileRef = 597F7580DA9240D8999F25D6 /* Poppins-MediumItalic.ttf */; };
		7C0A30786C084D4BACEE436E /* Poppins-Regular.ttf in Resources */ = {isa = PBXBuildFile; fileRef = EE2FFB2E5C0C4A229273CBAF /* Poppins-Regular.ttf */; };
		4126754A584E4BACA479D4D3 /* Poppins-SemiBold.ttf in Resources */ = {isa = PBXBuildFile; fileRef = FCA9FFF58D6E44D8AA464C46 /* Poppins-SemiBold.ttf */; };
		DBA9970F7F3842E595031686 /* Poppins-SemiBoldItalic.ttf in Resources */ = {isa = PBXBuildFile; fileRef = D1CC8BB9BD044797995512EB /* Poppins-SemiBoldItalic.ttf */; };
		4074A97F3F974B99B4B36AB4 /* Poppins-Thin.ttf in Resources */ = {isa = PBXBuildFile; fileRef = 84B575D8D6794284A2F58454 /* Poppins-Thin.ttf */; };
		EA7AF6924E5D4B71A3B4BFDD /* Poppins-ThinItalic.ttf in Resources */ = {isa = PBXBuildFile; fileRef = 98D6C33A404B4EC6B5F06695 /* Poppins-ThinItalic.ttf */; };
		F5AA7FD56F984569A5AEFB35 /* Prompt-Black.ttf in Resources */ = {isa = PBXBuildFile; fileRef = 80CB10FC24BC4EF6BB524BF5 /* Prompt-Black.ttf */; };
		D3E0EBF7BFFE44DCB24EA992 /* Prompt-BlackItalic.ttf in Resources */ = {isa = PBXBuildFile; fileRef = 1E589DBC1AC34054B5C883AE /* Prompt-BlackItalic.ttf */; };
		753640B46E75428C8C0D4025 /* Prompt-Bold.ttf in Resources */ = {isa = PBXBuildFile; fileRef = 395D7587E5334DE592BD5E19 /* Prompt-Bold.ttf */; };
		5573F2D48BAA47E4A0B20AB0 /* Prompt-BoldItalic.ttf in Resources */ = {isa = PBXBuildFile; fileRef = 536B3E8373934F2682FBC9B4 /* Prompt-BoldItalic.ttf */; };
		5BAD4E38ADA34E6DA26FFDC2 /* Prompt-ExtraBold.ttf in Resources */ = {isa = PBXBuildFile; fileRef = 204DBE8707B742A4863A28DE /* Prompt-ExtraBold.ttf */; };
		2DF3D4B83F2843169FA1B595 /* Prompt-ExtraBoldItalic.ttf in Resources */ = {isa = PBXBuildFile; fileRef = FA06B7DC797B4693AF4A61D3 /* Prompt-ExtraBoldItalic.ttf */; };
		75660DC77A4C4E6AB1AC87CB /* Prompt-ExtraLight.ttf in Resources */ = {isa = PBXBuildFile; fileRef = 26220660EAD14DA9AD21A85E /* Prompt-ExtraLight.ttf */; };
		B11987528E804CBE955D2EF3 /* Prompt-ExtraLightItalic.ttf in Resources */ = {isa = PBXBuildFile; fileRef = 611B58D623ED4AB38F07E32D /* Prompt-ExtraLightItalic.ttf */; };
		FA422F6E87F9460A8275F9E9 /* Prompt-Italic.ttf in Resources */ = {isa = PBXBuildFile; fileRef = 82FF334BE44649ECAE320F91 /* Prompt-Italic.ttf */; };
		9985E30A5B9D42B49C368B63 /* Prompt-Light.ttf in Resources */ = {isa = PBXBuildFile; fileRef = 9E22EE6CD888417D97D0A8A6 /* Prompt-Light.ttf */; };
		0C38EB314BE3412EAD9ACD5D /* Prompt-LightItalic.ttf in Resources */ = {isa = PBXBuildFile; fileRef = 272711F8FA2E4387A7B2FEFF /* Prompt-LightItalic.ttf */; };
		93678A68AE0348229356A94A /* Prompt-Medium.ttf in Resources */ = {isa = PBXBuildFile; fileRef = 4A8204DFEB9E4FFFB97548A0 /* Prompt-Medium.ttf */; };
		75A2A5B89D404C8A9302BD30 /* Prompt-MediumItalic.ttf in Resources */ = {isa = PBXBuildFile; fileRef = E34B28061DAA46D0883F8543 /* Prompt-MediumItalic.ttf */; };
		28CACEAF59BD4DC19D774CA3 /* Prompt-Regular.ttf in Resources */ = {isa = PBXBuildFile; fileRef = 8210535D4A5A462E925E6D00 /* Prompt-Regular.ttf */; };
		84C6D49241344118805D5582 /* Prompt-SemiBold.ttf in Resources */ = {isa = PBXBuildFile; fileRef = 9B8E01C33651486EBCD0FE6A /* Prompt-SemiBold.ttf */; };
		33F2FA41BCA34F959051FBFB /* Prompt-SemiBoldItalic.ttf in Resources */ = {isa = PBXBuildFile; fileRef = 0750CC91A20342E5A26355DD /* Prompt-SemiBoldItalic.ttf */; };
		034CCE76D7414678AC96471B /* Prompt-Thin.ttf in Resources */ = {isa = PBXBuildFile; fileRef = DA1544F798BB4CDBACCF8568 /* Prompt-Thin.ttf */; };
		52122D3D7BE74145B1E84493 /* Prompt-ThinItalic.ttf in Resources */ = {isa = PBXBuildFile; fileRef = AF3A4AAD83354D60A2E34640 /* Prompt-ThinItalic.ttf */; };
		A06431AE69DD4C978472B673 /* OFL.txt in Resources */ = {isa = PBXBuildFile; fileRef = C8B43E90DBF646CE9A95F8AF /* OFL.txt */; };
		83302F7B45404882B4E70D3D /* Raleway-Bold.ttf in Resources */ = {isa = PBXBuildFile; fileRef = F7A8967F8EA041E685BD77C3 /* Raleway-Bold.ttf */; };
		D533B5E31F5E42A3800A5631 /* Raleway-Medium.ttf in Resources */ = {isa = PBXBuildFile; fileRef = AA037193E44144BB991255BB /* Raleway-Medium.ttf */; };
		AAD7DABE83DE45BBB650CD74 /* Raleway-SemiBold.ttf in Resources */ = {isa = PBXBuildFile; fileRef = DEAFBE9317AC4F57AC430D3F /* Raleway-SemiBold.ttf */; };
/* End PBXBuildFile section */

/* Begin PBXContainerItemProxy section */
		00E356F41AD99517003FC87E /* PBXContainerItemProxy */ = {
			isa = PBXContainerItemProxy;
			containerPortal = 83CBB9F71A601CBA00E9B192 /* Project object */;
			proxyType = 1;
			remoteGlobalIDString = 13B07F861A680F5B00A75B9A;
			remoteInfo = ArsipDemak;
		};
/* End PBXContainerItemProxy section */

/* Begin PBXFileReference section */
		00E356EE1AD99517003FC87E /* ArsipDemakTests.xctest */ = {isa = PBXFileReference; explicitFileType = wrapper.cfbundle; includeInIndex = 0; path = ArsipDemakTests.xctest; sourceTree = BUILT_PRODUCTS_DIR; };
		00E356F11AD99517003FC87E /* Info.plist */ = {isa = PBXFileReference; lastKnownFileType = text.plist.xml; path = Info.plist; sourceTree = "<group>"; };
		00E356F21AD99517003FC87E /* ArsipDemakTests.m */ = {isa = PBXFileReference; lastKnownFileType = sourcecode.c.objc; path = ArsipDemakTests.m; sourceTree = "<group>"; };
		13B07F961A680F5B00A75B9A /* ArsipDemak.app */ = {isa = PBXFileReference; explicitFileType = wrapper.application; includeInIndex = 0; path = ArsipDemak.app; sourceTree = BUILT_PRODUCTS_DIR; };
		13B07FAF1A68108700A75B9A /* AppDelegate.h */ = {isa = PBXFileReference; fileEncoding = 4; lastKnownFileType = sourcecode.c.h; name = AppDelegate.h; path = ArsipDemak/AppDelegate.h; sourceTree = "<group>"; };
		13B07FB01A68108700A75B9A /* AppDelegate.mm */ = {isa = PBXFileReference; fileEncoding = 4; lastKnownFileType = sourcecode.cpp.objcpp; name = AppDelegate.mm; path = ArsipDemak/AppDelegate.mm; sourceTree = "<group>"; };
		13B07FB51A68108700A75B9A /* Images.xcassets */ = {isa = PBXFileReference; lastKnownFileType = folder.assetcatalog; name = Images.xcassets; path = ArsipDemak/Images.xcassets; sourceTree = "<group>"; };
		13B07FB61A68108700A75B9A /* Info.plist */ = {isa = PBXFileReference; fileEncoding = 4; lastKnownFileType = text.plist.xml; name = Info.plist; path = ArsipDemak/Info.plist; sourceTree = "<group>"; };
		13B07FB71A68108700A75B9A /* main.m */ = {isa = PBXFileReference; fileEncoding = 4; lastKnownFileType = sourcecode.c.objc; name = main.m; path = ArsipDemak/main.m; sourceTree = "<group>"; };
		19F6CBCC0A4E27FBF8BF4A61 /* libPods-ArsipDemak-ArsipDemakTests.a */ = {isa = PBXFileReference; explicitFileType = archive.ar; includeInIndex = 0; path = "libPods-ArsipDemak-ArsipDemakTests.a"; sourceTree = BUILT_PRODUCTS_DIR; };
		3B4392A12AC88292D35C810B /* Pods-ArsipDemak.debug.xcconfig */ = {isa = PBXFileReference; includeInIndex = 1; lastKnownFileType = text.xcconfig; name = "Pods-ArsipDemak.debug.xcconfig"; path = "Target Support Files/Pods-ArsipDemak/Pods-ArsipDemak.debug.xcconfig"; sourceTree = "<group>"; };
		5709B34CF0A7D63546082F79 /* Pods-ArsipDemak.release.xcconfig */ = {isa = PBXFileReference; includeInIndex = 1; lastKnownFileType = text.xcconfig; name = "Pods-ArsipDemak.release.xcconfig"; path = "Target Support Files/Pods-ArsipDemak/Pods-ArsipDemak.release.xcconfig"; sourceTree = "<group>"; };
		5B7EB9410499542E8C5724F5 /* Pods-ArsipDemak-ArsipDemakTests.debug.xcconfig */ = {isa = PBXFileReference; includeInIndex = 1; lastKnownFileType = text.xcconfig; name = "Pods-ArsipDemak-ArsipDemakTests.debug.xcconfig"; path = "Target Support Files/Pods-ArsipDemak-ArsipDemakTests/Pods-ArsipDemak-ArsipDemakTests.debug.xcconfig"; sourceTree = "<group>"; };
		5DCACB8F33CDC322A6C60F78 /* libPods-ArsipDemak.a */ = {isa = PBXFileReference; explicitFileType = archive.ar; includeInIndex = 0; path = "libPods-ArsipDemak.a"; sourceTree = BUILT_PRODUCTS_DIR; };
		6132EF172BDFF13200BBE14D /* PrivacyInfo.xcprivacy */ = {isa = PBXFileReference; lastKnownFileType = text.xml; name = PrivacyInfo.xcprivacy; path = ArsipDemak/PrivacyInfo.xcprivacy; sourceTree = "<group>"; };
		81AB9BB72411601600AC10FF /* LaunchScreen.storyboard */ = {isa = PBXFileReference; fileEncoding = 4; lastKnownFileType = file.storyboard; name = LaunchScreen.storyboard; path = ArsipDemak/LaunchScreen.storyboard; sourceTree = "<group>"; };
		89C6BE57DB24E9ADA2F236DE /* Pods-ArsipDemak-ArsipDemakTests.release.xcconfig */ = {isa = PBXFileReference; includeInIndex = 1; lastKnownFileType = text.xcconfig; name = "Pods-ArsipDemak-ArsipDemakTests.release.xcconfig"; path = "Target Support Files/Pods-ArsipDemak-ArsipDemakTests/Pods-ArsipDemak-ArsipDemakTests.release.xcconfig"; sourceTree = "<group>"; };
		ED297162215061F000B7C4FE /* JavaScriptCore.framework */ = {isa = PBXFileReference; lastKnownFileType = wrapper.framework; name = JavaScriptCore.framework; path = System/Library/Frameworks/JavaScriptCore.framework; sourceTree = SDKROOT; };
		15575D3D68C14CE3A88FC5F9 /* Metal-Regular.ttf */ = {isa = PBXFileReference; name = "Metal-Regular.ttf"; path = "../src/assets/fonts/Metal-Regular.ttf"; sourceTree = "<group>"; fileEncoding = undefined; lastKnownFileType = unknown; explicitFileType = undefined; includeInIndex = 0; };
		D8176CFA9D094AABBC38DFE4 /* Poppins-Black.ttf */ = {isa = PBXFileReference; name = "Poppins-Black.ttf"; path = "../src/assets/fonts/Poppins-Black.ttf"; sourceTree = "<group>"; fileEncoding = undefined; lastKnownFileType = unknown; explicitFileType = undefined; includeInIndex = 0; };
		2E671FE0C12D412A8D101CFC /* Poppins-BlackItalic.ttf */ = {isa = PBXFileReference; name = "Poppins-BlackItalic.ttf"; path = "../src/assets/fonts/Poppins-BlackItalic.ttf"; sourceTree = "<group>"; fileEncoding = undefined; lastKnownFileType = unknown; explicitFileType = undefined; includeInIndex = 0; };
		4A06E68DF2674E63B6BCD264 /* Poppins-Bold.ttf */ = {isa = PBXFileReference; name = "Poppins-Bold.ttf"; path = "../src/assets/fonts/Poppins-Bold.ttf"; sourceTree = "<group>"; fileEncoding = undefined; lastKnownFileType = unknown; explicitFileType = undefined; includeInIndex = 0; };
		85501E2614C14325A3FE826B /* Poppins-BoldItalic.ttf */ = {isa = PBXFileReference; name = "Poppins-BoldItalic.ttf"; path = "../src/assets/fonts/Poppins-BoldItalic.ttf"; sourceTree = "<group>"; fileEncoding = undefined; lastKnownFileType = unknown; explicitFileType = undefined; includeInIndex = 0; };
		E6E6B06C03F443CBB3C76932 /* Poppins-ExtraBold.ttf */ = {isa = PBXFileReference; name = "Poppins-ExtraBold.ttf"; path = "../src/assets/fonts/Poppins-ExtraBold.ttf"; sourceTree = "<group>"; fileEncoding = undefined; lastKnownFileType = unknown; explicitFileType = undefined; includeInIndex = 0; };
		EE0F9F5869594A769CE79429 /* Poppins-ExtraBoldItalic.ttf */ = {isa = PBXFileReference; name = "Poppins-ExtraBoldItalic.ttf"; path = "../src/assets/fonts/Poppins-ExtraBoldItalic.ttf"; sourceTree = "<group>"; fileEncoding = undefined; lastKnownFileType = unknown; explicitFileType = undefined; includeInIndex = 0; };
		F70A8383D4DD4CA9A58A1C8F /* Poppins-ExtraLight.ttf */ = {isa = PBXFileReference; name = "Poppins-ExtraLight.ttf"; path = "../src/assets/fonts/Poppins-ExtraLight.ttf"; sourceTree = "<group>"; fileEncoding = undefined; lastKnownFileType = unknown; explicitFileType = undefined; includeInIndex = 0; };
		7B402E801E934A97A4C92EB3 /* Poppins-ExtraLightItalic.ttf */ = {isa = PBXFileReference; name = "Poppins-ExtraLightItalic.ttf"; path = "../src/assets/fonts/Poppins-ExtraLightItalic.ttf"; sourceTree = "<group>"; fileEncoding = undefined; lastKnownFileType = unknown; explicitFileType = undefined; includeInIndex = 0; };
		05977CF058294282B2346DDF /* Poppins-Italic.ttf */ = {isa = PBXFileReference; name = "Poppins-Italic.ttf"; path = "../src/assets/fonts/Poppins-Italic.ttf"; sourceTree = "<group>"; fileEncoding = undefined; lastKnownFileType = unknown; explicitFileType = undefined; includeInIndex = 0; };
		63A74E82EDD84D32BB6BAF59 /* Poppins-Light.ttf */ = {isa = PBXFileReference; name = "Poppins-Light.ttf"; path = "../src/assets/fonts/Poppins-Light.ttf"; sourceTree = "<group>"; fileEncoding = undefined; lastKnownFileType = unknown; explicitFileType = undefined; includeInIndex = 0; };
		EE5DD45C0E40424CB39A6C13 /* Poppins-LightItalic.ttf */ = {isa = PBXFileReference; name = "Poppins-LightItalic.ttf"; path = "../src/assets/fonts/Poppins-LightItalic.ttf"; sourceTree = "<group>"; fileEncoding = undefined; lastKnownFileType = unknown; explicitFileType = undefined; includeInIndex = 0; };
		15C246AE3DFD44E0B6326E81 /* Poppins-Medium.ttf */ = {isa = PBXFileReference; name = "Poppins-Medium.ttf"; path = "../src/assets/fonts/Poppins-Medium.ttf"; sourceTree = "<group>"; fileEncoding = undefined; lastKnownFileType = unknown; explicitFileType = undefined; includeInIndex = 0; };
		597F7580DA9240D8999F25D6 /* Poppins-MediumItalic.ttf */ = {isa = PBXFileReference; name = "Poppins-MediumItalic.ttf"; path = "../src/assets/fonts/Poppins-MediumItalic.ttf"; sourceTree = "<group>"; fileEncoding = undefined; lastKnownFileType = unknown; explicitFileType = undefined; includeInIndex = 0; };
		EE2FFB2E5C0C4A229273CBAF /* Poppins-Regular.ttf */ = {isa = PBXFileReference; name = "Poppins-Regular.ttf"; path = "../src/assets/fonts/Poppins-Regular.ttf"; sourceTree = "<group>"; fileEncoding = undefined; lastKnownFileType = unknown; explicitFileType = undefined; includeInIndex = 0; };
		FCA9FFF58D6E44D8AA464C46 /* Poppins-SemiBold.ttf */ = {isa = PBXFileReference; name = "Poppins-SemiBold.ttf"; path = "../src/assets/fonts/Poppins-SemiBold.ttf"; sourceTree = "<group>"; fileEncoding = undefined; lastKnownFileType = unknown; explicitFileType = undefined; includeInIndex = 0; };
		D1CC8BB9BD044797995512EB /* Poppins-SemiBoldItalic.ttf */ = {isa = PBXFileReference; name = "Poppins-SemiBoldItalic.ttf"; path = "../src/assets/fonts/Poppins-SemiBoldItalic.ttf"; sourceTree = "<group>"; fileEncoding = undefined; lastKnownFileType = unknown; explicitFileType = undefined; includeInIndex = 0; };
		84B575D8D6794284A2F58454 /* Poppins-Thin.ttf */ = {isa = PBXFileReference; name = "Poppins-Thin.ttf"; path = "../src/assets/fonts/Poppins-Thin.ttf"; sourceTree = "<group>"; fileEncoding = undefined; lastKnownFileType = unknown; explicitFileType = undefined; includeInIndex = 0; };
		98D6C33A404B4EC6B5F06695 /* Poppins-ThinItalic.ttf */ = {isa = PBXFileReference; name = "Poppins-ThinItalic.ttf"; path = "../src/assets/fonts/Poppins-ThinItalic.ttf"; sourceTree = "<group>"; fileEncoding = undefined; lastKnownFileType = unknown; explicitFileType = undefined; includeInIndex = 0; };
		80CB10FC24BC4EF6BB524BF5 /* Prompt-Black.ttf */ = {isa = PBXFileReference; name = "Prompt-Black.ttf"; path = "../src/assets/fonts/Prompt-Black.ttf"; sourceTree = "<group>"; fileEncoding = undefined; lastKnownFileType = unknown; explicitFileType = undefined; includeInIndex = 0; };
		1E589DBC1AC34054B5C883AE /* Prompt-BlackItalic.ttf */ = {isa = PBXFileReference; name = "Prompt-BlackItalic.ttf"; path = "../src/assets/fonts/Prompt-BlackItalic.ttf"; sourceTree = "<group>"; fileEncoding = undefined; lastKnownFileType = unknown; explicitFileType = undefined; includeInIndex = 0; };
		395D7587E5334DE592BD5E19 /* Prompt-Bold.ttf */ = {isa = PBXFileReference; name = "Prompt-Bold.ttf"; path = "../src/assets/fonts/Prompt-Bold.ttf"; sourceTree = "<group>"; fileEncoding = undefined; lastKnownFileType = unknown; explicitFileType = undefined; includeInIndex = 0; };
		536B3E8373934F2682FBC9B4 /* Prompt-BoldItalic.ttf */ = {isa = PBXFileReference; name = "Prompt-BoldItalic.ttf"; path = "../src/assets/fonts/Prompt-BoldItalic.ttf"; sourceTree = "<group>"; fileEncoding = undefined; lastKnownFileType = unknown; explicitFileType = undefined; includeInIndex = 0; };
		204DBE8707B742A4863A28DE /* Prompt-ExtraBold.ttf */ = {isa = PBXFileReference; name = "Prompt-ExtraBold.ttf"; path = "../src/assets/fonts/Prompt-ExtraBold.ttf"; sourceTree = "<group>"; fileEncoding = undefined; lastKnownFileType = unknown; explicitFileType = undefined; includeInIndex = 0; };
		FA06B7DC797B4693AF4A61D3 /* Prompt-ExtraBoldItalic.ttf */ = {isa = PBXFileReference; name = "Prompt-ExtraBoldItalic.ttf"; path = "../src/assets/fonts/Prompt-ExtraBoldItalic.ttf"; sourceTree = "<group>"; fileEncoding = undefined; lastKnownFileType = unknown; explicitFileType = undefined; includeInIndex = 0; };
		26220660EAD14DA9AD21A85E /* Prompt-ExtraLight.ttf */ = {isa = PBXFileReference; name = "Prompt-ExtraLight.ttf"; path = "../src/assets/fonts/Prompt-ExtraLight.ttf"; sourceTree = "<group>"; fileEncoding = undefined; lastKnownFileType = unknown; explicitFileType = undefined; includeInIndex = 0; };
		611B58D623ED4AB38F07E32D /* Prompt-ExtraLightItalic.ttf */ = {isa = PBXFileReference; name = "Prompt-ExtraLightItalic.ttf"; path = "../src/assets/fonts/Prompt-ExtraLightItalic.ttf"; sourceTree = "<group>"; fileEncoding = undefined; lastKnownFileType = unknown; explicitFileType = undefined; includeInIndex = 0; };
		82FF334BE44649ECAE320F91 /* Prompt-Italic.ttf */ = {isa = PBXFileReference; name = "Prompt-Italic.ttf"; path = "../src/assets/fonts/Prompt-Italic.ttf"; sourceTree = "<group>"; fileEncoding = undefined; lastKnownFileType = unknown; explicitFileType = undefined; includeInIndex = 0; };
		9E22EE6CD888417D97D0A8A6 /* Prompt-Light.ttf */ = {isa = PBXFileReference; name = "Prompt-Light.ttf"; path = "../src/assets/fonts/Prompt-Light.ttf"; sourceTree = "<group>"; fileEncoding = undefined; lastKnownFileType = unknown; explicitFileType = undefined; includeInIndex = 0; };
		272711F8FA2E4387A7B2FEFF /* Prompt-LightItalic.ttf */ = {isa = PBXFileReference; name = "Prompt-LightItalic.ttf"; path = "../src/assets/fonts/Prompt-LightItalic.ttf"; sourceTree = "<group>"; fileEncoding = undefined; lastKnownFileType = unknown; explicitFileType = undefined; includeInIndex = 0; };
		4A8204DFEB9E4FFFB97548A0 /* Prompt-Medium.ttf */ = {isa = PBXFileReference; name = "Prompt-Medium.ttf"; path = "../src/assets/fonts/Prompt-Medium.ttf"; sourceTree = "<group>"; fileEncoding = undefined; lastKnownFileType = unknown; explicitFileType = undefined; includeInIndex = 0; };
		E34B28061DAA46D0883F8543 /* Prompt-MediumItalic.ttf */ = {isa = PBXFileReference; name = "Prompt-MediumItalic.ttf"; path = "../src/assets/fonts/Prompt-MediumItalic.ttf"; sourceTree = "<group>"; fileEncoding = undefined; lastKnownFileType = unknown; explicitFileType = undefined; includeInIndex = 0; };
		8210535D4A5A462E925E6D00 /* Prompt-Regular.ttf */ = {isa = PBXFileReference; name = "Prompt-Regular.ttf"; path = "../src/assets/fonts/Prompt-Regular.ttf"; sourceTree = "<group>"; fileEncoding = undefined; lastKnownFileType = unknown; explicitFileType = undefined; includeInIndex = 0; };
		9B8E01C33651486EBCD0FE6A /* Prompt-SemiBold.ttf */ = {isa = PBXFileReference; name = "Prompt-SemiBold.ttf"; path = "../src/assets/fonts/Prompt-SemiBold.ttf"; sourceTree = "<group>"; fileEncoding = undefined; lastKnownFileType = unknown; explicitFileType = undefined; includeInIndex = 0; };
		0750CC91A20342E5A26355DD /* Prompt-SemiBoldItalic.ttf */ = {isa = PBXFileReference; name = "Prompt-SemiBoldItalic.ttf"; path = "../src/assets/fonts/Prompt-SemiBoldItalic.ttf"; sourceTree = "<group>"; fileEncoding = undefined; lastKnownFileType = unknown; explicitFileType = undefined; includeInIndex = 0; };
		DA1544F798BB4CDBACCF8568 /* Prompt-Thin.ttf */ = {isa = PBXFileReference; name = "Prompt-Thin.ttf"; path = "../src/assets/fonts/Prompt-Thin.ttf"; sourceTree = "<group>"; fileEncoding = undefined; lastKnownFileType = unknown; explicitFileType = undefined; includeInIndex = 0; };
		AF3A4AAD83354D60A2E34640 /* Prompt-ThinItalic.ttf */ = {isa = PBXFileReference; name = "Prompt-ThinItalic.ttf"; path = "../src/assets/fonts/Prompt-ThinItalic.ttf"; sourceTree = "<group>"; fileEncoding = undefined; lastKnownFileType = unknown; explicitFileType = undefined; includeInIndex = 0; };
		C8B43E90DBF646CE9A95F8AF /* OFL.txt */ = {isa = PBXFileReference; name = "OFL.txt"; path = "../src/assets/fonts/OFL.txt"; sourceTree = "<group>"; fileEncoding = undefined; lastKnownFileType = unknown; explicitFileType = undefined; includeInIndex = 0; };
		F7A8967F8EA041E685BD77C3 /* Raleway-Bold.ttf */ = {isa = PBXFileReference; name = "Raleway-Bold.ttf"; path = "../src/assets/fonts/Raleway-Bold.ttf"; sourceTree = "<group>"; fileEncoding = undefined; lastKnownFileType = unknown; explicitFileType = undefined; includeInIndex = 0; };
		AA037193E44144BB991255BB /* Raleway-Medium.ttf */ = {isa = PBXFileReference; name = "Raleway-Medium.ttf"; path = "../src/assets/fonts/Raleway-Medium.ttf"; sourceTree = "<group>"; fileEncoding = undefined; lastKnownFileType = unknown; explicitFileType = undefined; includeInIndex = 0; };
		DEAFBE9317AC4F57AC430D3F /* Raleway-SemiBold.ttf */ = {isa = PBXFileReference; name = "Raleway-SemiBold.ttf"; path = "../src/assets/fonts/Raleway-SemiBold.ttf"; sourceTree = "<group>"; fileEncoding = undefined; lastKnownFileType = unknown; explicitFileType = undefined; includeInIndex = 0; };
/* End PBXFileReference section */

/* Begin PBXFrameworksBuildPhase section */
		00E356EB1AD99517003FC87E /* Frameworks */ = {
			isa = PBXFrameworksBuildPhase;
			buildActionMask = 2147483647;
			files = (
				7699B88040F8A987B510C191 /* libPods-ArsipDemak-ArsipDemakTests.a in Frameworks */,
			);
			runOnlyForDeploymentPostprocessing = 0;
		};
		13B07F8C1A680F5B00A75B9A /* Frameworks */ = {
			isa = PBXFrameworksBuildPhase;
			buildActionMask = 2147483647;
			files = (
				0C80B921A6F3F58F76C31292 /* libPods-ArsipDemak.a in Frameworks */,
			);
			runOnlyForDeploymentPostprocessing = 0;
		};
/* End PBXFrameworksBuildPhase section */

/* Begin PBXGroup section */
		00E356EF1AD99517003FC87E /* ArsipDemakTests */ = {
			isa = PBXGroup;
			children = (
				00E356F21AD99517003FC87E /* ArsipDemakTests.m */,
				00E356F01AD99517003FC87E /* Supporting Files */,
			);
			path = ArsipDemakTests;
			sourceTree = "<group>";
		};
		00E356F01AD99517003FC87E /* Supporting Files */ = {
			isa = PBXGroup;
			children = (
				00E356F11AD99517003FC87E /* Info.plist */,
			);
			name = "Supporting Files";
			sourceTree = "<group>";
		};
		13B07FAE1A68108700A75B9A /* ArsipDemak */ = {
			isa = PBXGroup;
			children = (
				13B07FAF1A68108700A75B9A /* AppDelegate.h */,
				13B07FB01A68108700A75B9A /* AppDelegate.mm */,
				13B07FB51A68108700A75B9A /* Images.xcassets */,
				13B07FB61A68108700A75B9A /* Info.plist */,
				81AB9BB72411601600AC10FF /* LaunchScreen.storyboard */,
				13B07FB71A68108700A75B9A /* main.m */,
			);
			name = ArsipDemak;
			sourceTree = "<group>";
		};
		2D16E6871FA4F8E400B85C8A /* Frameworks */ = {
			isa = PBXGroup;
			children = (
				ED297162215061F000B7C4FE /* JavaScriptCore.framework */,
				5DCACB8F33CDC322A6C60F78 /* libPods-ArsipDemak.a */,
				19F6CBCC0A4E27FBF8BF4A61 /* libPods-ArsipDemak-ArsipDemakTests.a */,
			);
			name = Frameworks;
			sourceTree = "<group>";
		};
		832341AE1AAA6A7D00B99B32 /* Libraries */ = {
			isa = PBXGroup;
			children = (
			);
			name = Libraries;
			sourceTree = "<group>";
		};
		83CBB9F61A601CBA00E9B192 = {
			isa = PBXGroup;
			children = (
				6132EF172BDFF13200BBE14D /* PrivacyInfo.xcprivacy */,
				13B07FAE1A68108700A75B9A /* ArsipDemak */,
				832341AE1AAA6A7D00B99B32 /* Libraries */,
				00E356EF1AD99517003FC87E /* ArsipDemakTests */,
				83CBBA001A601CBA00E9B192 /* Products */,
				2D16E6871FA4F8E400B85C8A /* Frameworks */,
				BBD78D7AC51CEA395F1C20DB /* Pods */,
				B5E1D6BEFEF34A62B89EB8BC /* Resources */,
			);
			indentWidth = 2;
			sourceTree = "<group>";
			tabWidth = 2;
			usesTabs = 0;
		};
		83CBBA001A601CBA00E9B192 /* Products */ = {
			isa = PBXGroup;
			children = (
				13B07F961A680F5B00A75B9A /* ArsipDemak.app */,
				00E356EE1AD99517003FC87E /* ArsipDemakTests.xctest */,
			);
			name = Products;
			sourceTree = "<group>";
		};
		BBD78D7AC51CEA395F1C20DB /* Pods */ = {
			isa = PBXGroup;
			children = (
				3B4392A12AC88292D35C810B /* Pods-ArsipDemak.debug.xcconfig */,
				5709B34CF0A7D63546082F79 /* Pods-ArsipDemak.release.xcconfig */,
				5B7EB9410499542E8C5724F5 /* Pods-ArsipDemak-ArsipDemakTests.debug.xcconfig */,
				89C6BE57DB24E9ADA2F236DE /* Pods-ArsipDemak-ArsipDemakTests.release.xcconfig */,
			);
			path = Pods;
			sourceTree = "<group>";
		};
		B5E1D6BEFEF34A62B89EB8BC /* Resources */ = {
			isa = "PBXGroup";
			children = (
				15575D3D68C14CE3A88FC5F9 /* Metal-Regular.ttf */,
				D8176CFA9D094AABBC38DFE4 /* Poppins-Black.ttf */,
				2E671FE0C12D412A8D101CFC /* Poppins-BlackItalic.ttf */,
				4A06E68DF2674E63B6BCD264 /* Poppins-Bold.ttf */,
				85501E2614C14325A3FE826B /* Poppins-BoldItalic.ttf */,
				E6E6B06C03F443CBB3C76932 /* Poppins-ExtraBold.ttf */,
				EE0F9F5869594A769CE79429 /* Poppins-ExtraBoldItalic.ttf */,
				F70A8383D4DD4CA9A58A1C8F /* Poppins-ExtraLight.ttf */,
				7B402E801E934A97A4C92EB3 /* Poppins-ExtraLightItalic.ttf */,
				05977CF058294282B2346DDF /* Poppins-Italic.ttf */,
				63A74E82EDD84D32BB6BAF59 /* Poppins-Light.ttf */,
				EE5DD45C0E40424CB39A6C13 /* Poppins-LightItalic.ttf */,
				15C246AE3DFD44E0B6326E81 /* Poppins-Medium.ttf */,
				597F7580DA9240D8999F25D6 /* Poppins-MediumItalic.ttf */,
				EE2FFB2E5C0C4A229273CBAF /* Poppins-Regular.ttf */,
				FCA9FFF58D6E44D8AA464C46 /* Poppins-SemiBold.ttf */,
				D1CC8BB9BD044797995512EB /* Poppins-SemiBoldItalic.ttf */,
				84B575D8D6794284A2F58454 /* Poppins-Thin.ttf */,
				98D6C33A404B4EC6B5F06695 /* Poppins-ThinItalic.ttf */,
				80CB10FC24BC4EF6BB524BF5 /* Prompt-Black.ttf */,
				1E589DBC1AC34054B5C883AE /* Prompt-BlackItalic.ttf */,
				395D7587E5334DE592BD5E19 /* Prompt-Bold.ttf */,
				536B3E8373934F2682FBC9B4 /* Prompt-BoldItalic.ttf */,
				204DBE8707B742A4863A28DE /* Prompt-ExtraBold.ttf */,
				FA06B7DC797B4693AF4A61D3 /* Prompt-ExtraBoldItalic.ttf */,
				26220660EAD14DA9AD21A85E /* Prompt-ExtraLight.ttf */,
				611B58D623ED4AB38F07E32D /* Prompt-ExtraLightItalic.ttf */,
				82FF334BE44649ECAE320F91 /* Prompt-Italic.ttf */,
				9E22EE6CD888417D97D0A8A6 /* Prompt-Light.ttf */,
				272711F8FA2E4387A7B2FEFF /* Prompt-LightItalic.ttf */,
				4A8204DFEB9E4FFFB97548A0 /* Prompt-Medium.ttf */,
				E34B28061DAA46D0883F8543 /* Prompt-MediumItalic.ttf */,
				8210535D4A5A462E925E6D00 /* Prompt-Regular.ttf */,
				9B8E01C33651486EBCD0FE6A /* Prompt-SemiBold.ttf */,
				0750CC91A20342E5A26355DD /* Prompt-SemiBoldItalic.ttf */,
				DA1544F798BB4CDBACCF8568 /* Prompt-Thin.ttf */,
				AF3A4AAD83354D60A2E34640 /* Prompt-ThinItalic.ttf */,
				C8B43E90DBF646CE9A95F8AF /* OFL.txt */,
				F7A8967F8EA041E685BD77C3 /* Raleway-Bold.ttf */,
				AA037193E44144BB991255BB /* Raleway-Medium.ttf */,
				DEAFBE9317AC4F57AC430D3F /* Raleway-SemiBold.ttf */,
			);
			name = Resources;
			sourceTree = "<group>";
			path = "";
		};
/* End PBXGroup section */

/* Begin PBXNativeTarget section */
		00E356ED1AD99517003FC87E /* ArsipDemakTests */ = {
			isa = PBXNativeTarget;
			buildConfigurationList = 00E357021AD99517003FC87E /* Build configuration list for PBXNativeTarget "ArsipDemakTests" */;
			buildPhases = (
				A55EABD7B0C7F3A422A6CC61 /* [CP] Check Pods Manifest.lock */,
				00E356EA1AD99517003FC87E /* Sources */,
				00E356EB1AD99517003FC87E /* Frameworks */,
				00E356EC1AD99517003FC87E /* Resources */,
				C59DA0FBD6956966B86A3779 /* [CP] Embed Pods Frameworks */,
				F6A41C54EA430FDDC6A6ED99 /* [CP] Copy Pods Resources */,
			);
			buildRules = (
			);
			dependencies = (
				00E356F51AD99517003FC87E /* PBXTargetDependency */,
			);
			name = ArsipDemakTests;
			productName = ArsipDemakTests;
			productReference = 00E356EE1AD99517003FC87E /* ArsipDemakTests.xctest */;
			productType = "com.apple.product-type.bundle.unit-test";
		};
		13B07F861A680F5B00A75B9A /* ArsipDemak */ = {
			isa = PBXNativeTarget;
			buildConfigurationList = 13B07F931A680F5B00A75B9A /* Build configuration list for PBXNativeTarget "ArsipDemak" */;
			buildPhases = (
				C38B50BA6285516D6DCD4F65 /* [CP] Check Pods Manifest.lock */,
				FD10A7F022414F080027D42C /* Start Packager */,
				13B07F871A680F5B00A75B9A /* Sources */,
				13B07F8C1A680F5B00A75B9A /* Frameworks */,
				13B07F8E1A680F5B00A75B9A /* Resources */,
				00DD1BFF1BD5951E006B06BC /* Bundle React Native code and images */,
				00EEFC60759A1932668264C0 /* [CP] Embed Pods Frameworks */,
				E235C05ADACE081382539298 /* [CP] Copy Pods Resources */,
			);
			buildRules = (
			);
			dependencies = (
			);
			name = ArsipDemak;
			productName = ArsipDemak;
			productReference = 13B07F961A680F5B00A75B9A /* ArsipDemak.app */;
			productType = "com.apple.product-type.application";
		};
/* End PBXNativeTarget section */

/* Begin PBXProject section */
		83CBB9F71A601CBA00E9B192 /* Project object */ = {
			isa = PBXProject;
			attributes = {
				LastUpgradeCheck = 1210;
				TargetAttributes = {
					00E356ED1AD99517003FC87E = {
						CreatedOnToolsVersion = 6.2;
						TestTargetID = 13B07F861A680F5B00A75B9A;
					};
					13B07F861A680F5B00A75B9A = {
						LastSwiftMigration = 1120;
					};
				};
			};
			buildConfigurationList = 83CBB9FA1A601CBA00E9B192 /* Build configuration list for PBXProject "ArsipDemak" */;
			compatibilityVersion = "Xcode 12.0";
			developmentRegion = en;
			hasScannedForEncodings = 0;
			knownRegions = (
				en,
				Base,
			);
			mainGroup = 83CBB9F61A601CBA00E9B192;
			productRefGroup = 83CBBA001A601CBA00E9B192 /* Products */;
			projectDirPath = "";
			projectRoot = "";
			targets = (
				13B07F861A680F5B00A75B9A /* ArsipDemak */,
				00E356ED1AD99517003FC87E /* ArsipDemakTests */,
			);
		};
/* End PBXProject section */

/* Begin PBXResourcesBuildPhase section */
		00E356EC1AD99517003FC87E /* Resources */ = {
			isa = PBXResourcesBuildPhase;
			buildActionMask = 2147483647;
			files = (
			);
			runOnlyForDeploymentPostprocessing = 0;
		};
		13B07F8E1A680F5B00A75B9A /* Resources */ = {
			isa = PBXResourcesBuildPhase;
			buildActionMask = 2147483647;
			files = (
				6132EF182BDFF13200BBE14D /* PrivacyInfo.xcprivacy in Resources */,
				81AB9BB82411601600AC10FF /* LaunchScreen.storyboard in Resources */,
				13B07FBF1A68108700A75B9A /* Images.xcassets in Resources */,
				F54DC608A2F7459E830950F1 /* Metal-Regular.ttf in Resources */,
				38E53AF6B5F44F80BCDA7AF8 /* Poppins-Black.ttf in Resources */,
				D40169EE37834116A6BBAA12 /* Poppins-BlackItalic.ttf in Resources */,
				00BC9F73E7FB43D49734C3C1 /* Poppins-Bold.ttf in Resources */,
				8225B7126D474ED0985AEF0A /* Poppins-BoldItalic.ttf in Resources */,
				2E9F0ABACF6D4EBC84368D34 /* Poppins-ExtraBold.ttf in Resources */,
				E874166D344F497BA7A7CE46 /* Poppins-ExtraBoldItalic.ttf in Resources */,
				5621AA80793245E3A780ED60 /* Poppins-ExtraLight.ttf in Resources */,
				B5694EB0C7C846DBAE1810A3 /* Poppins-ExtraLightItalic.ttf in Resources */,
				3450F35BD57B49E09C75171B /* Poppins-Italic.ttf in Resources */,
				496F6C988ADC4D13BB8D8794 /* Poppins-Light.ttf in Resources */,
				21D7CFB2ECD04645BCF6A14F /* Poppins-LightItalic.ttf in Resources */,
				F8E0B64BF4484244A79D09D0 /* Poppins-Medium.ttf in Resources */,
				B70BAE89406D4A74A47DD1A4 /* Poppins-MediumItalic.ttf in Resources */,
				7C0A30786C084D4BACEE436E /* Poppins-Regular.ttf in Resources */,
				4126754A584E4BACA479D4D3 /* Poppins-SemiBold.ttf in Resources */,
				DBA9970F7F3842E595031686 /* Poppins-SemiBoldItalic.ttf in Resources */,
				4074A97F3F974B99B4B36AB4 /* Poppins-Thin.ttf in Resources */,
				EA7AF6924E5D4B71A3B4BFDD /* Poppins-ThinItalic.ttf in Resources */,
				F5AA7FD56F984569A5AEFB35 /* Prompt-Black.ttf in Resources */,
				D3E0EBF7BFFE44DCB24EA992 /* Prompt-BlackItalic.ttf in Resources */,
				753640B46E75428C8C0D4025 /* Prompt-Bold.ttf in Resources */,
				5573F2D48BAA47E4A0B20AB0 /* Prompt-BoldItalic.ttf in Resources */,
				5BAD4E38ADA34E6DA26FFDC2 /* Prompt-ExtraBold.ttf in Resources */,
				2DF3D4B83F2843169FA1B595 /* Prompt-ExtraBoldItalic.ttf in Resources */,
				75660DC77A4C4E6AB1AC87CB /* Prompt-ExtraLight.ttf in Resources */,
				B11987528E804CBE955D2EF3 /* Prompt-ExtraLightItalic.ttf in Resources */,
				FA422F6E87F9460A8275F9E9 /* Prompt-Italic.ttf in Resources */,
				9985E30A5B9D42B49C368B63 /* Prompt-Light.ttf in Resources */,
				0C38EB314BE3412EAD9ACD5D /* Prompt-LightItalic.ttf in Resources */,
				93678A68AE0348229356A94A /* Prompt-Medium.ttf in Resources */,
				75A2A5B89D404C8A9302BD30 /* Prompt-MediumItalic.ttf in Resources */,
				28CACEAF59BD4DC19D774CA3 /* Prompt-Regular.ttf in Resources */,
				84C6D49241344118805D5582 /* Prompt-SemiBold.ttf in Resources */,
				33F2FA41BCA34F959051FBFB /* Prompt-SemiBoldItalic.ttf in Resources */,
				034CCE76D7414678AC96471B /* Prompt-Thin.ttf in Resources */,
				52122D3D7BE74145B1E84493 /* Prompt-ThinItalic.ttf in Resources */,
				A06431AE69DD4C978472B673 /* OFL.txt in Resources */,
				83302F7B45404882B4E70D3D /* Raleway-Bold.ttf in Resources */,
				D533B5E31F5E42A3800A5631 /* Raleway-Medium.ttf in Resources */,
				AAD7DABE83DE45BBB650CD74 /* Raleway-SemiBold.ttf in Resources */,
			);
			runOnlyForDeploymentPostprocessing = 0;
		};
/* End PBXResourcesBuildPhase section */

/* Begin PBXShellScriptBuildPhase section */
		00DD1BFF1BD5951E006B06BC /* Bundle React Native code and images */ = {
			isa = PBXShellScriptBuildPhase;
			buildActionMask = 2147483647;
			files = (
			);
			inputPaths = (
				"$(SRCROOT)/.xcode.env.local",
				"$(SRCROOT)/.xcode.env",
			);
			name = "Bundle React Native code and images";
			outputPaths = (
			);
			runOnlyForDeploymentPostprocessing = 0;
			shellPath = /bin/sh;
			shellScript = "set -e\n\nWITH_ENVIRONMENT=\"../node_modules/react-native/scripts/xcode/with-environment.sh\"\nREACT_NATIVE_XCODE=\"../node_modules/react-native/scripts/react-native-xcode.sh\"\n\n/bin/sh -c \"$WITH_ENVIRONMENT $REACT_NATIVE_XCODE\"\n";
		};
		00EEFC60759A1932668264C0 /* [CP] Embed Pods Frameworks */ = {
			isa = PBXShellScriptBuildPhase;
			buildActionMask = 2147483647;
			files = (
			);
			inputFileListPaths = (
				"${PODS_ROOT}/Target Support Files/Pods-ArsipDemak/Pods-ArsipDemak-frameworks-${CONFIGURATION}-input-files.xcfilelist",
			);
			name = "[CP] Embed Pods Frameworks";
			outputFileListPaths = (
				"${PODS_ROOT}/Target Support Files/Pods-ArsipDemak/Pods-ArsipDemak-frameworks-${CONFIGURATION}-output-files.xcfilelist",
			);
			runOnlyForDeploymentPostprocessing = 0;
			shellPath = /bin/sh;
			shellScript = "\"${PODS_ROOT}/Target Support Files/Pods-ArsipDemak/Pods-ArsipDemak-frameworks.sh\"\n";
			showEnvVarsInLog = 0;
		};
		A55EABD7B0C7F3A422A6CC61 /* [CP] Check Pods Manifest.lock */ = {
			isa = PBXShellScriptBuildPhase;
			buildActionMask = 2147483647;
			files = (
			);
			inputFileListPaths = (
			);
			inputPaths = (
				"${PODS_PODFILE_DIR_PATH}/Podfile.lock",
				"${PODS_ROOT}/Manifest.lock",
			);
			name = "[CP] Check Pods Manifest.lock";
			outputFileListPaths = (
			);
			outputPaths = (
				"$(DERIVED_FILE_DIR)/Pods-ArsipDemak-ArsipDemakTests-checkManifestLockResult.txt",
			);
			runOnlyForDeploymentPostprocessing = 0;
			shellPath = /bin/sh;
			shellScript = "diff \"${PODS_PODFILE_DIR_PATH}/Podfile.lock\" \"${PODS_ROOT}/Manifest.lock\" > /dev/null\nif [ $? != 0 ] ; then\n    # print error to STDERR\n    echo \"error: The sandbox is not in sync with the Podfile.lock. Run 'pod install' or update your CocoaPods installation.\" >&2\n    exit 1\nfi\n# This output is used by Xcode 'outputs' to avoid re-running this script phase.\necho \"SUCCESS\" > \"${SCRIPT_OUTPUT_FILE_0}\"\n";
			showEnvVarsInLog = 0;
		};
		C38B50BA6285516D6DCD4F65 /* [CP] Check Pods Manifest.lock */ = {
			isa = PBXShellScriptBuildPhase;
			buildActionMask = 2147483647;
			files = (
			);
			inputFileListPaths = (
			);
			inputPaths = (
				"${PODS_PODFILE_DIR_PATH}/Podfile.lock",
				"${PODS_ROOT}/Manifest.lock",
			);
			name = "[CP] Check Pods Manifest.lock";
			outputFileListPaths = (
			);
			outputPaths = (
				"$(DERIVED_FILE_DIR)/Pods-ArsipDemak-checkManifestLockResult.txt",
			);
			runOnlyForDeploymentPostprocessing = 0;
			shellPath = /bin/sh;
			shellScript = "diff \"${PODS_PODFILE_DIR_PATH}/Podfile.lock\" \"${PODS_ROOT}/Manifest.lock\" > /dev/null\nif [ $? != 0 ] ; then\n    # print error to STDERR\n    echo \"error: The sandbox is not in sync with the Podfile.lock. Run 'pod install' or update your CocoaPods installation.\" >&2\n    exit 1\nfi\n# This output is used by Xcode 'outputs' to avoid re-running this script phase.\necho \"SUCCESS\" > \"${SCRIPT_OUTPUT_FILE_0}\"\n";
			showEnvVarsInLog = 0;
		};
		C59DA0FBD6956966B86A3779 /* [CP] Embed Pods Frameworks */ = {
			isa = PBXShellScriptBuildPhase;
			buildActionMask = 2147483647;
			files = (
			);
			inputFileListPaths = (
				"${PODS_ROOT}/Target Support Files/Pods-ArsipDemak-ArsipDemakTests/Pods-ArsipDemak-ArsipDemakTests-frameworks-${CONFIGURATION}-input-files.xcfilelist",
			);
			name = "[CP] Embed Pods Frameworks";
			outputFileListPaths = (
				"${PODS_ROOT}/Target Support Files/Pods-ArsipDemak-ArsipDemakTests/Pods-ArsipDemak-ArsipDemakTests-frameworks-${CONFIGURATION}-output-files.xcfilelist",
			);
			runOnlyForDeploymentPostprocessing = 0;
			shellPath = /bin/sh;
			shellScript = "\"${PODS_ROOT}/Target Support Files/Pods-ArsipDemak-ArsipDemakTests/Pods-ArsipDemak-ArsipDemakTests-frameworks.sh\"\n";
			showEnvVarsInLog = 0;
		};
		E235C05ADACE081382539298 /* [CP] Copy Pods Resources */ = {
			isa = PBXShellScriptBuildPhase;
			buildActionMask = 2147483647;
			files = (
			);
			inputFileListPaths = (
				"${PODS_ROOT}/Target Support Files/Pods-ArsipDemak/Pods-ArsipDemak-resources-${CONFIGURATION}-input-files.xcfilelist",
			);
			name = "[CP] Copy Pods Resources";
			outputFileListPaths = (
				"${PODS_ROOT}/Target Support Files/Pods-ArsipDemak/Pods-ArsipDemak-resources-${CONFIGURATION}-output-files.xcfilelist",
			);
			runOnlyForDeploymentPostprocessing = 0;
			shellPath = /bin/sh;
			shellScript = "\"${PODS_ROOT}/Target Support Files/Pods-ArsipDemak/Pods-ArsipDemak-resources.sh\"\n";
			showEnvVarsInLog = 0;
		};
		F6A41C54EA430FDDC6A6ED99 /* [CP] Copy Pods Resources */ = {
			isa = PBXShellScriptBuildPhase;
			buildActionMask = 2147483647;
			files = (
			);
			inputFileListPaths = (
				"${PODS_ROOT}/Target Support Files/Pods-ArsipDemak-ArsipDemakTests/Pods-ArsipDemak-ArsipDemakTests-resources-${CONFIGURATION}-input-files.xcfilelist",
			);
			name = "[CP] Copy Pods Resources";
			outputFileListPaths = (
				"${PODS_ROOT}/Target Support Files/Pods-ArsipDemak-ArsipDemakTests/Pods-ArsipDemak-ArsipDemakTests-resources-${CONFIGURATION}-output-files.xcfilelist",
			);
			runOnlyForDeploymentPostprocessing = 0;
			shellPath = /bin/sh;
			shellScript = "\"${PODS_ROOT}/Target Support Files/Pods-ArsipDemak-ArsipDemakTests/Pods-ArsipDemak-ArsipDemakTests-resources.sh\"\n";
			showEnvVarsInLog = 0;
		};
		FD10A7F022414F080027D42C /* Start Packager */ = {
			isa = PBXShellScriptBuildPhase;
			buildActionMask = 2147483647;
			files = (
			);
			inputFileListPaths = (
			);
			inputPaths = (
			);
			name = "Start Packager";
			outputFileListPaths = (
			);
			outputPaths = (
			);
			runOnlyForDeploymentPostprocessing = 0;
			shellPath = /bin/sh;
			shellScript = "export RCT_METRO_PORT=\"${RCT_METRO_PORT:=8081}\"\necho \"export RCT_METRO_PORT=${RCT_METRO_PORT}\" > \"${SRCROOT}/../node_modules/react-native/scripts/.packager.env\"\nif [ -z \"${RCT_NO_LAUNCH_PACKAGER+xxx}\" ] ; then\n  if nc -w 5 -z localhost ${RCT_METRO_PORT} ; then\n    if ! curl -s \"http://localhost:${RCT_METRO_PORT}/status\" | grep -q \"packager-status:running\" ; then\n      echo \"Port ${RCT_METRO_PORT} already in use, packager is either not running or not running correctly\"\n      exit 2\n    fi\n  else\n    open \"$SRCROOT/../node_modules/react-native/scripts/launchPackager.command\" || echo \"Can't start packager automatically\"\n  fi\nfi\n";
			showEnvVarsInLog = 0;
		};
/* End PBXShellScriptBuildPhase section */

/* Begin PBXSourcesBuildPhase section */
		00E356EA1AD99517003FC87E /* Sources */ = {
			isa = PBXSourcesBuildPhase;
			buildActionMask = 2147483647;
			files = (
				00E356F31AD99517003FC87E /* ArsipDemakTests.m in Sources */,
			);
			runOnlyForDeploymentPostprocessing = 0;
		};
		13B07F871A680F5B00A75B9A /* Sources */ = {
			isa = PBXSourcesBuildPhase;
			buildActionMask = 2147483647;
			files = (
				13B07FBC1A68108700A75B9A /* AppDelegate.mm in Sources */,
				13B07FC11A68108700A75B9A /* main.m in Sources */,
			);
			runOnlyForDeploymentPostprocessing = 0;
		};
/* End PBXSourcesBuildPhase section */

/* Begin PBXTargetDependency section */
		00E356F51AD99517003FC87E /* PBXTargetDependency */ = {
			isa = PBXTargetDependency;
			target = 13B07F861A680F5B00A75B9A /* ArsipDemak */;
			targetProxy = 00E356F41AD99517003FC87E /* PBXContainerItemProxy */;
		};
/* End PBXTargetDependency section */

/* Begin XCBuildConfiguration section */
		00E356F61AD99517003FC87E /* Debug */ = {
			isa = XCBuildConfiguration;
			baseConfigurationReference = 5B7EB9410499542E8C5724F5 /* Pods-ArsipDemak-ArsipDemakTests.debug.xcconfig */;
			buildSettings = {
				BUNDLE_LOADER = "$(TEST_HOST)";
				GCC_PREPROCESSOR_DEFINITIONS = (
					"DEBUG=1",
					"$(inherited)",
				);
				INFOPLIST_FILE = ArsipDemakTests/Info.plist;
				IPHONEOS_DEPLOYMENT_TARGET = 12.4;
				LD_RUNPATH_SEARCH_PATHS = (
					"$(inherited)",
					"@executable_path/Frameworks",
					"@loader_path/Frameworks",
				);
				OTHER_LDFLAGS = (
					"-ObjC",
					"-lc++",
					"$(inherited)",
				);
				PRODUCT_BUNDLE_IDENTIFIER = "org.reactjs.native.example.$(PRODUCT_NAME:rfc1034identifier)";
				PRODUCT_NAME = "$(TARGET_NAME)";
				TEST_HOST = "$(BUILT_PRODUCTS_DIR)/ArsipDemak.app/ArsipDemak";
			};
			name = Debug;
		};
		00E356F71AD99517003FC87E /* Release */ = {
			isa = XCBuildConfiguration;
			baseConfigurationReference = 89C6BE57DB24E9ADA2F236DE /* Pods-ArsipDemak-ArsipDemakTests.release.xcconfig */;
			buildSettings = {
				BUNDLE_LOADER = "$(TEST_HOST)";
				COPY_PHASE_STRIP = NO;
				INFOPLIST_FILE = ArsipDemakTests/Info.plist;
				IPHONEOS_DEPLOYMENT_TARGET = 12.4;
				LD_RUNPATH_SEARCH_PATHS = (
					"$(inherited)",
					"@executable_path/Frameworks",
					"@loader_path/Frameworks",
				);
				OTHER_LDFLAGS = (
					"-ObjC",
					"-lc++",
					"$(inherited)",
				);
				PRODUCT_BUNDLE_IDENTIFIER = "org.reactjs.native.example.$(PRODUCT_NAME:rfc1034identifier)";
				PRODUCT_NAME = "$(TARGET_NAME)";
				TEST_HOST = "$(BUILT_PRODUCTS_DIR)/ArsipDemak.app/ArsipDemak";
			};
			name = Release;
		};
		13B07F941A680F5B00A75B9A /* Debug */ = {
			isa = XCBuildConfiguration;
			baseConfigurationReference = 3B4392A12AC88292D35C810B /* Pods-ArsipDemak.debug.xcconfig */;
			buildSettings = {
				ASSETCATALOG_COMPILER_APPICON_NAME = AppIcon;
				CLANG_ENABLE_MODULES = YES;
				CURRENT_PROJECT_VERSION = 1;
				ENABLE_BITCODE = NO;
				INFOPLIST_FILE = ArsipDemak/Info.plist;
				LD_RUNPATH_SEARCH_PATHS = (
					"$(inherited)",
					"@executable_path/Frameworks",
				);
				MARKETING_VERSION = 1.0;
				OTHER_LDFLAGS = (
					"$(inherited)",
					"-ObjC",
					"-lc++",
				);
				PRODUCT_BUNDLE_IDENTIFIER = "org.reactjs.native.example.$(PRODUCT_NAME:rfc1034identifier)";
				PRODUCT_NAME = ArsipDemak;
				SWIFT_OPTIMIZATION_LEVEL = "-Onone";
				SWIFT_VERSION = 5.0;
				VERSIONING_SYSTEM = "apple-generic";
			};
			name = Debug;
		};
		13B07F951A680F5B00A75B9A /* Release */ = {
			isa = XCBuildConfiguration;
			baseConfigurationReference = 5709B34CF0A7D63546082F79 /* Pods-ArsipDemak.release.xcconfig */;
			buildSettings = {
				ASSETCATALOG_COMPILER_APPICON_NAME = AppIcon;
				CLANG_ENABLE_MODULES = YES;
				CURRENT_PROJECT_VERSION = 1;
				INFOPLIST_FILE = ArsipDemak/Info.plist;
				LD_RUNPATH_SEARCH_PATHS = (
					"$(inherited)",
					"@executable_path/Frameworks",
				);
				MARKETING_VERSION = 1.0;
				OTHER_LDFLAGS = (
					"$(inherited)",
					"-ObjC",
					"-lc++",
				);
				PRODUCT_BUNDLE_IDENTIFIER = "org.reactjs.native.example.$(PRODUCT_NAME:rfc1034identifier)";
				PRODUCT_NAME = ArsipDemak;
				SWIFT_VERSION = 5.0;
				VERSIONING_SYSTEM = "apple-generic";
			};
			name = Release;
		};
		83CBBA201A601CBA00E9B192 /* Debug */ = {
			isa = XCBuildConfiguration;
			buildSettings = {
				ALWAYS_SEARCH_USER_PATHS = NO;
				CLANG_ANALYZER_LOCALIZABILITY_NONLOCALIZED = YES;
				CLANG_CXX_LANGUAGE_STANDARD = "c++17";
				CLANG_CXX_LIBRARY = "libc++";
				CLANG_ENABLE_MODULES = YES;
				CLANG_ENABLE_OBJC_ARC = YES;
				CLANG_WARN_BLOCK_CAPTURE_AUTORELEASING = YES;
				CLANG_WARN_BOOL_CONVERSION = YES;
				CLANG_WARN_COMMA = YES;
				CLANG_WARN_CONSTANT_CONVERSION = YES;
				CLANG_WARN_DEPRECATED_OBJC_IMPLEMENTATIONS = YES;
				CLANG_WARN_DIRECT_OBJC_ISA_USAGE = YES_ERROR;
				CLANG_WARN_EMPTY_BODY = YES;
				CLANG_WARN_ENUM_CONVERSION = YES;
				CLANG_WARN_INFINITE_RECURSION = YES;
				CLANG_WARN_INT_CONVERSION = YES;
				CLANG_WARN_NON_LITERAL_NULL_CONVERSION = YES;
				CLANG_WARN_OBJC_IMPLICIT_RETAIN_SELF = YES;
				CLANG_WARN_OBJC_LITERAL_CONVERSION = YES;
				CLANG_WARN_OBJC_ROOT_CLASS = YES_ERROR;
				CLANG_WARN_QUOTED_INCLUDE_IN_FRAMEWORK_HEADER = YES;
				CLANG_WARN_RANGE_LOOP_ANALYSIS = YES;
				CLANG_WARN_STRICT_PROTOTYPES = YES;
				CLANG_WARN_SUSPICIOUS_MOVE = YES;
				CLANG_WARN_UNREACHABLE_CODE = YES;
				CLANG_WARN__DUPLICATE_METHOD_MATCH = YES;
				"CODE_SIGN_IDENTITY[sdk=iphoneos*]" = "iPhone Developer";
				COPY_PHASE_STRIP = NO;
				ENABLE_STRICT_OBJC_MSGSEND = YES;
				ENABLE_TESTABILITY = YES;
				"EXCLUDED_ARCHS[sdk=iphonesimulator*]" = "";
				GCC_C_LANGUAGE_STANDARD = gnu99;
				GCC_DYNAMIC_NO_PIC = NO;
				GCC_NO_COMMON_BLOCKS = YES;
				GCC_OPTIMIZATION_LEVEL = 0;
				GCC_PREPROCESSOR_DEFINITIONS = (
					"DEBUG=1",
					"$(inherited)",
				);
				GCC_SYMBOLS_PRIVATE_EXTERN = NO;
				GCC_WARN_64_TO_32_BIT_CONVERSION = YES;
				GCC_WARN_ABOUT_RETURN_TYPE = YES_ERROR;
				GCC_WARN_UNDECLARED_SELECTOR = YES;
				GCC_WARN_UNINITIALIZED_AUTOS = YES_AGGRESSIVE;
				GCC_WARN_UNUSED_FUNCTION = YES;
				GCC_WARN_UNUSED_VARIABLE = YES;
				IPHONEOS_DEPLOYMENT_TARGET = 12.4;
				LD_RUNPATH_SEARCH_PATHS = (
					/usr/lib/swift,
					"$(inherited)",
				);
				LIBRARY_SEARCH_PATHS = (
					"\"$(SDKROOT)/usr/lib/swift\"",
					"\"$(TOOLCHAIN_DIR)/usr/lib/swift/$(PLATFORM_NAME)\"",
					"\"$(inherited)\"",
				);
				MTL_ENABLE_DEBUG_INFO = YES;
				ONLY_ACTIVE_ARCH = YES;
				OTHER_CPLUSPLUSFLAGS = (
					"$(OTHER_CFLAGS)",
					"-DFOLLY_NO_CONFIG",
					"-DFOLLY_MOBILE=1",
					"-DFOLLY_USE_LIBCPP=1",
				);
				SDKROOT = iphoneos;
			};
			name = Debug;
		};
		83CBBA211A601CBA00E9B192 /* Release */ = {
			isa = XCBuildConfiguration;
			buildSettings = {
				ALWAYS_SEARCH_USER_PATHS = NO;
				CLANG_ANALYZER_LOCALIZABILITY_NONLOCALIZED = YES;
				CLANG_CXX_LANGUAGE_STANDARD = "c++17";
				CLANG_CXX_LIBRARY = "libc++";
				CLANG_ENABLE_MODULES = YES;
				CLANG_ENABLE_OBJC_ARC = YES;
				CLANG_WARN_BLOCK_CAPTURE_AUTORELEASING = YES;
				CLANG_WARN_BOOL_CONVERSION = YES;
				CLANG_WARN_COMMA = YES;
				CLANG_WARN_CONSTANT_CONVERSION = YES;
				CLANG_WARN_DEPRECATED_OBJC_IMPLEMENTATIONS = YES;
				CLANG_WARN_DIRECT_OBJC_ISA_USAGE = YES_ERROR;
				CLANG_WARN_EMPTY_BODY = YES;
				CLANG_WARN_ENUM_CONVERSION = YES;
				CLANG_WARN_INFINITE_RECURSION = YES;
				CLANG_WARN_INT_CONVERSION = YES;
				CLANG_WARN_NON_LITERAL_NULL_CONVERSION = YES;
				CLANG_WARN_OBJC_IMPLICIT_RETAIN_SELF = YES;
				CLANG_WARN_OBJC_LITERAL_CONVERSION = YES;
				CLANG_WARN_OBJC_ROOT_CLASS = YES_ERROR;
				CLANG_WARN_QUOTED_INCLUDE_IN_FRAMEWORK_HEADER = YES;
				CLANG_WARN_RANGE_LOOP_ANALYSIS = YES;
				CLANG_WARN_STRICT_PROTOTYPES = YES;
				CLANG_WARN_SUSPICIOUS_MOVE = YES;
				CLANG_WARN_UNREACHABLE_CODE = YES;
				CLANG_WARN__DUPLICATE_METHOD_MATCH = YES;
				"CODE_SIGN_IDENTITY[sdk=iphoneos*]" = "iPhone Developer";
				COPY_PHASE_STRIP = YES;
				ENABLE_NS_ASSERTIONS = NO;
				ENABLE_STRICT_OBJC_MSGSEND = YES;
				"EXCLUDED_ARCHS[sdk=iphonesimulator*]" = "";
				GCC_C_LANGUAGE_STANDARD = gnu99;
				GCC_NO_COMMON_BLOCKS = YES;
				GCC_WARN_64_TO_32_BIT_CONVERSION = YES;
				GCC_WARN_ABOUT_RETURN_TYPE = YES_ERROR;
				GCC_WARN_UNDECLARED_SELECTOR = YES;
				GCC_WARN_UNINITIALIZED_AUTOS = YES_AGGRESSIVE;
				GCC_WARN_UNUSED_FUNCTION = YES;
				GCC_WARN_UNUSED_VARIABLE = YES;
				IPHONEOS_DEPLOYMENT_TARGET = 12.4;
				LD_RUNPATH_SEARCH_PATHS = (
					/usr/lib/swift,
					"$(inherited)",
				);
				LIBRARY_SEARCH_PATHS = (
					"\"$(SDKROOT)/usr/lib/swift\"",
					"\"$(TOOLCHAIN_DIR)/usr/lib/swift/$(PLATFORM_NAME)\"",
					"\"$(inherited)\"",
				);
				MTL_ENABLE_DEBUG_INFO = NO;
				OTHER_CPLUSPLUSFLAGS = (
					"$(OTHER_CFLAGS)",
					"-DFOLLY_NO_CONFIG",
					"-DFOLLY_MOBILE=1",
					"-DFOLLY_USE_LIBCPP=1",
				);
				SDKROOT = iphoneos;
				VALIDATE_PRODUCT = YES;
			};
			name = Release;
		};
/* End XCBuildConfiguration section */

/* Begin XCConfigurationList section */
		00E357021AD99517003FC87E /* Build configuration list for PBXNativeTarget "ArsipDemakTests" */ = {
			isa = XCConfigurationList;
			buildConfigurations = (
				00E356F61AD99517003FC87E /* Debug */,
				00E356F71AD99517003FC87E /* Release */,
			);
			defaultConfigurationIsVisible = 0;
			defaultConfigurationName = Release;
		};
		13B07F931A680F5B00A75B9A /* Build configuration list for PBXNativeTarget "ArsipDemak" */ = {
			isa = XCConfigurationList;
			buildConfigurations = (
				13B07F941A680F5B00A75B9A /* Debug */,
				13B07F951A680F5B00A75B9A /* Release */,
			);
			defaultConfigurationIsVisible = 0;
			defaultConfigurationName = Release;
		};
		83CBB9FA1A601CBA00E9B192 /* Build configuration list for PBXProject "ArsipDemak" */ = {
			isa = XCConfigurationList;
			buildConfigurations = (
				83CBBA201A601CBA00E9B192 /* Debug */,
				83CBBA211A601CBA00E9B192 /* Release */,
			);
			defaultConfigurationIsVisible = 0;
			defaultConfigurationName = Release;
		};
/* End XCConfigurationList section */
	};
	rootObject = 83CBB9F71A601CBA00E9B192 /* Project object */;
}
